// !$*UTF8*$!
{
	archiveVersion = 1;
	classes = {
	};
	objectVersion = 50;
	objects = {

/* Begin PBXBuildFile section */
		FF74D77A20C14E03001E94C8 /* AppDelegate.m in Sources */ = {isa = PBXBuildFile; fileRef = FF74D77920C14E03001E94C8 /* AppDelegate.m */; };
		FF74D77D20C14E03001E94C8 /* ViewController.m in Sources */ = {isa = PBXBuildFile; fileRef = FF74D77C20C14E03001E94C8 /* ViewController.m */; };
		FF74D78020C14E03001E94C8 /* Main.storyboard in Resources */ = {isa = PBXBuildFile; fileRef = FF74D77E20C14E03001E94C8 /* Main.storyboard */; };
		FF74D78220C14E04001E94C8 /* Assets.xcassets in Resources */ = {isa = PBXBuildFile; fileRef = FF74D78120C14E04001E94C8 /* Assets.xcassets */; };
		FF74D78520C14E04001E94C8 /* LaunchScreen.storyboard in Resources */ = {isa = PBXBuildFile; fileRef = FF74D78320C14E04001E94C8 /* LaunchScreen.storyboard */; };
		FF74D78820C14E04001E94C8 /* main.m in Sources */ = {isa = PBXBuildFile; fileRef = FF74D78720C14E04001E94C8 /* main.m */; };
		FF9B6F6B20C661A4000172B0 /* CPTableViewCell.m in Sources */ = {isa = PBXBuildFile; fileRef = FF9B6F5120C661A4000172B0 /* CPTableViewCell.m */; };
		FF9B6F6C20C661A4000172B0 /* CPTableViewHeaderView.m in Sources */ = {isa = PBXBuildFile; fileRef = FF9B6F5220C661A4000172B0 /* CPTableViewHeaderView.m */; };
		FF9B6F6D20C661A4000172B0 /* CPTableView.m in Sources */ = {isa = PBXBuildFile; fileRef = FF9B6F5620C661A4000172B0 /* CPTableView.m */; };
		FF9B6F6E20C661A4000172B0 /* CPTableViewFooterView.m in Sources */ = {isa = PBXBuildFile; fileRef = FF9B6F5B20C661A4000172B0 /* CPTableViewFooterView.m */; };
		FF9B6F6F20C661A4000172B0 /* CPSignleConfig.m in Sources */ = {isa = PBXBuildFile; fileRef = FF9B6F5C20C661A4000172B0 /* CPSignleConfig.m */; };
		FF9B6F7020C661A4000172B0 /* CPGlobalConfig.m in Sources */ = {isa = PBXBuildFile; fileRef = FF9B6F5E20C661A4000172B0 /* CPGlobalConfig.m */; };
		FF9B6F7120C661A4000172B0 /* CPCellModel.m in Sources */ = {isa = PBXBuildFile; fileRef = FF9B6F5F20C661A4000172B0 /* CPCellModel.m */; };
		FF9B6F7220C661A4000172B0 /* CPSectionConfig.m in Sources */ = {isa = PBXBuildFile; fileRef = FF9B6F6120C661A4000172B0 /* CPSectionConfig.m */; };
		FF9B6F7320C661A4000172B0 /* NSBundle+CPExtension.m in Sources */ = {isa = PBXBuildFile; fileRef = FF9B6F6320C661A4000172B0 /* NSBundle+CPExtension.m */; };
		FF9B6F7420C661A4000172B0 /* UILabel+CPExtension.m in Sources */ = {isa = PBXBuildFile; fileRef = FF9B6F6420C661A4000172B0 /* UILabel+CPExtension.m */; };
		FF9B6F7520C661A4000172B0 /* UIView+CPExtension.m in Sources */ = {isa = PBXBuildFile; fileRef = FF9B6F6820C661A4000172B0 /* UIView+CPExtension.m */; };
		FF9B6F7620C661A4000172B0 /* NSString+CPExtension.m in Sources */ = {isa = PBXBuildFile; fileRef = FF9B6F6A20C661A4000172B0 /* NSString+CPExtension.m */; };
/* End PBXBuildFile section */

/* Begin PBXFileReference section */
		FF74D77520C14E03001E94C8 /* CPTableViewExample.app */ = {isa = PBXFileReference; explicitFileType = wrapper.application; includeInIndex = 0; path = CPTableViewExample.app; sourceTree = BUILT_PRODUCTS_DIR; };
		FF74D77820C14E03001E94C8 /* AppDelegate.h */ = {isa = PBXFileReference; lastKnownFileType = sourcecode.c.h; path = AppDelegate.h; sourceTree = "<group>"; };
		FF74D77920C14E03001E94C8 /* AppDelegate.m */ = {isa = PBXFileReference; lastKnownFileType = sourcecode.c.objc; path = AppDelegate.m; sourceTree = "<group>"; };
		FF74D77B20C14E03001E94C8 /* ViewController.h */ = {isa = PBXFileReference; lastKnownFileType = sourcecode.c.h; path = ViewController.h; sourceTree = "<group>"; };
		FF74D77C20C14E03001E94C8 /* ViewController.m */ = {isa = PBXFileReference; lastKnownFileType = sourcecode.c.objc; path = ViewController.m; sourceTree = "<group>"; };
		FF74D77F20C14E03001E94C8 /* Base */ = {isa = PBXFileReference; lastKnownFileType = file.storyboard; name = Base; path = Base.lproj/Main.storyboard; sourceTree = "<group>"; };
		FF74D78120C14E04001E94C8 /* Assets.xcassets */ = {isa = PBXFileReference; lastKnownFileType = folder.assetcatalog; path = Assets.xcassets; sourceTree = "<group>"; };
		FF74D78420C14E04001E94C8 /* Base */ = {isa = PBXFileReference; lastKnownFileType = file.storyboard; name = Base; path = Base.lproj/LaunchScreen.storyboard; sourceTree = "<group>"; };
		FF74D78620C14E04001E94C8 /* Info.plist */ = {isa = PBXFileReference; lastKnownFileType = text.plist.xml; path = Info.plist; sourceTree = "<group>"; };
		FF74D78720C14E04001E94C8 /* main.m */ = {isa = PBXFileReference; lastKnownFileType = sourcecode.c.objc; path = main.m; sourceTree = "<group>"; };
		FF9B6F5020C661A4000172B0 /* CPTableViewFooterView.h */ = {isa = PBXFileReference; fileEncoding = 4; lastKnownFileType = sourcecode.c.h; path = CPTableViewFooterView.h; sourceTree = "<group>"; };
		FF9B6F5120C661A4000172B0 /* CPTableViewCell.m */ = {isa = PBXFileReference; fileEncoding = 4; lastKnownFileType = sourcecode.c.objc; path = CPTableViewCell.m; sourceTree = "<group>"; };
		FF9B6F5220C661A4000172B0 /* CPTableViewHeaderView.m */ = {isa = PBXFileReference; fileEncoding = 4; lastKnownFileType = sourcecode.c.objc; path = CPTableViewHeaderView.m; sourceTree = "<group>"; };
		FF9B6F5320C661A4000172B0 /* CPSignleConfig.h */ = {isa = PBXFileReference; fileEncoding = 4; lastKnownFileType = sourcecode.c.h; path = CPSignleConfig.h; sourceTree = "<group>"; };
		FF9B6F5420C661A4000172B0 /* CPConst.h */ = {isa = PBXFileReference; fileEncoding = 4; lastKnownFileType = sourcecode.c.h; path = CPConst.h; sourceTree = "<group>"; };
		FF9B6F5520C661A4000172B0 /* CPSectionConfig.h */ = {isa = PBXFileReference; fileEncoding = 4; lastKnownFileType = sourcecode.c.h; path = CPSectionConfig.h; sourceTree = "<group>"; };
		FF9B6F5620C661A4000172B0 /* CPTableView.m */ = {isa = PBXFileReference; fileEncoding = 4; lastKnownFileType = sourcecode.c.objc; path = CPTableView.m; sourceTree = "<group>"; };
		FF9B6F5720C661A4000172B0 /* CPCellModel.h */ = {isa = PBXFileReference; fileEncoding = 4; lastKnownFileType = sourcecode.c.h; path = CPCellModel.h; sourceTree = "<group>"; };
		FF9B6F5820C661A4000172B0 /* CPGlobalConfig.h */ = {isa = PBXFileReference; fileEncoding = 4; lastKnownFileType = sourcecode.c.h; path = CPGlobalConfig.h; sourceTree = "<group>"; };
		FF9B6F5920C661A4000172B0 /* CPTableViewCell.h */ = {isa = PBXFileReference; fileEncoding = 4; lastKnownFileType = sourcecode.c.h; path = CPTableViewCell.h; sourceTree = "<group>"; };
		FF9B6F5A20C661A4000172B0 /* CPTableViewSDK.h */ = {isa = PBXFileReference; fileEncoding = 4; lastKnownFileType = sourcecode.c.h; path = CPTableViewSDK.h; sourceTree = "<group>"; };
		FF9B6F5B20C661A4000172B0 /* CPTableViewFooterView.m */ = {isa = PBXFileReference; fileEncoding = 4; lastKnownFileType = sourcecode.c.objc; path = CPTableViewFooterView.m; sourceTree = "<group>"; };
		FF9B6F5C20C661A4000172B0 /* CPSignleConfig.m */ = {isa = PBXFileReference; fileEncoding = 4; lastKnownFileType = sourcecode.c.objc; path = CPSignleConfig.m; sourceTree = "<group>"; };
		FF9B6F5D20C661A4000172B0 /* CPTableViewHeaderView.h */ = {isa = PBXFileReference; fileEncoding = 4; lastKnownFileType = sourcecode.c.h; path = CPTableViewHeaderView.h; sourceTree = "<group>"; };
		FF9B6F5E20C661A4000172B0 /* CPGlobalConfig.m */ = {isa = PBXFileReference; fileEncoding = 4; lastKnownFileType = sourcecode.c.objc; path = CPGlobalConfig.m; sourceTree = "<group>"; };
		FF9B6F5F20C661A4000172B0 /* CPCellModel.m */ = {isa = PBXFileReference; fileEncoding = 4; lastKnownFileType = sourcecode.c.objc; path = CPCellModel.m; sourceTree = "<group>"; };
		FF9B6F6020C661A4000172B0 /* CPTableView.h */ = {isa = PBXFileReference; fileEncoding = 4; lastKnownFileType = sourcecode.c.h; path = CPTableView.h; sourceTree = "<group>"; };
		FF9B6F6120C661A4000172B0 /* CPSectionConfig.m */ = {isa = PBXFileReference; fileEncoding = 4; lastKnownFileType = sourcecode.c.objc; path = CPSectionConfig.m; sourceTree = "<group>"; };
		FF9B6F6320C661A4000172B0 /* NSBundle+CPExtension.m */ = {isa = PBXFileReference; fileEncoding = 4; lastKnownFileType = sourcecode.c.objc; path = "NSBundle+CPExtension.m"; sourceTree = "<group>"; };
		FF9B6F6420C661A4000172B0 /* UILabel+CPExtension.m */ = {isa = PBXFileReference; fileEncoding = 4; lastKnownFileType = sourcecode.c.objc; path = "UILabel+CPExtension.m"; sourceTree = "<group>"; };
		FF9B6F6520C661A4000172B0 /* UIView+CPExtension.h */ = {isa = PBXFileReference; fileEncoding = 4; lastKnownFileType = sourcecode.c.h; path = "UIView+CPExtension.h"; sourceTree = "<group>"; };
		FF9B6F6620C661A4000172B0 /* NSString+CPExtension.h */ = {isa = PBXFileReference; fileEncoding = 4; lastKnownFileType = sourcecode.c.h; path = "NSString+CPExtension.h"; sourceTree = "<group>"; };
		FF9B6F6720C661A4000172B0 /* NSBundle+CPExtension.h */ = {isa = PBXFileReference; fileEncoding = 4; lastKnownFileType = sourcecode.c.h; path = "NSBundle+CPExtension.h"; sourceTree = "<group>"; };
		FF9B6F6820C661A4000172B0 /* UIView+CPExtension.m */ = {isa = PBXFileReference; fileEncoding = 4; lastKnownFileType = sourcecode.c.objc; path = "UIView+CPExtension.m"; sourceTree = "<group>"; };
		FF9B6F6920C661A4000172B0 /* UILabel+CPExtension.h */ = {isa = PBXFileReference; fileEncoding = 4; lastKnownFileType = sourcecode.c.h; path = "UILabel+CPExtension.h"; sourceTree = "<group>"; };
		FF9B6F6A20C661A4000172B0 /* NSString+CPExtension.m */ = {isa = PBXFileReference; fileEncoding = 4; lastKnownFileType = sourcecode.c.objc; path = "NSString+CPExtension.m"; sourceTree = "<group>"; };
/* End PBXFileReference section */

/* Begin PBXFrameworksBuildPhase section */
		FF74D77220C14E03001E94C8 /* Frameworks */ = {
			isa = PBXFrameworksBuildPhase;
			buildActionMask = 2147483647;
			files = (
			);
			runOnlyForDeploymentPostprocessing = 0;
		};
/* End PBXFrameworksBuildPhase section */

/* Begin PBXGroup section */
		FF74D76C20C14E02001E94C8 = {
			isa = PBXGroup;
			children = (
				FF74D77720C14E03001E94C8 /* CPTableViewExample */,
				FF74D77620C14E03001E94C8 /* Products */,
			);
			sourceTree = "<group>";
		};
		FF74D77620C14E03001E94C8 /* Products */ = {
			isa = PBXGroup;
			children = (
				FF74D77520C14E03001E94C8 /* CPTableViewExample.app */,
			);
			name = Products;
			sourceTree = "<group>";
		};
		FF74D77720C14E03001E94C8 /* CPTableViewExample */ = {
			isa = PBXGroup;
			children = (
				FF9B6F4F20C661A4000172B0 /* CPTableView */,
				FF74D77820C14E03001E94C8 /* AppDelegate.h */,
				FF74D77920C14E03001E94C8 /* AppDelegate.m */,
				FF74D77B20C14E03001E94C8 /* ViewController.h */,
				FF74D77C20C14E03001E94C8 /* ViewController.m */,
				FF74D77E20C14E03001E94C8 /* Main.storyboard */,
				FF74D78120C14E04001E94C8 /* Assets.xcassets */,
				FF74D78320C14E04001E94C8 /* LaunchScreen.storyboard */,
				FF74D78620C14E04001E94C8 /* Info.plist */,
				FF74D78720C14E04001E94C8 /* main.m */,
			);
			path = CPTableViewExample;
			sourceTree = "<group>";
		};
		FF9B6F4F20C661A4000172B0 /* CPTableView */ = {
			isa = PBXGroup;
			children = (
				FF9B6F5A20C661A4000172B0 /* CPTableViewSDK.h */,
				FF9B6F6020C661A4000172B0 /* CPTableView.h */,
				FF9B6F5620C661A4000172B0 /* CPTableView.m */,
				FF9B6F5920C661A4000172B0 /* CPTableViewCell.h */,
				FF9B6F5120C661A4000172B0 /* CPTableViewCell.m */,
				FF9B6F5020C661A4000172B0 /* CPTableViewFooterView.h */,
				FF9B6F5B20C661A4000172B0 /* CPTableViewFooterView.m */,
				FF9B6F5D20C661A4000172B0 /* CPTableViewHeaderView.h */,
				FF9B6F5220C661A4000172B0 /* CPTableViewHeaderView.m */,
				FF9B6F5520C661A4000172B0 /* CPSectionConfig.h */,
				FF9B6F6120C661A4000172B0 /* CPSectionConfig.m */,
				FF9B6F5320C661A4000172B0 /* CPSignleConfig.h */,
				FF9B6F5C20C661A4000172B0 /* CPSignleConfig.m */,
				FF9B6F5820C661A4000172B0 /* CPGlobalConfig.h */,
				FF9B6F5E20C661A4000172B0 /* CPGlobalConfig.m */,
				FF9B6F5720C661A4000172B0 /* CPCellModel.h */,
				FF9B6F5F20C661A4000172B0 /* CPCellModel.m */,
				FF9B6F5420C661A4000172B0 /* CPConst.h */,
				FF9B6F6220C661A4000172B0 /* Utility */,
			);
			path = CPTableView;
			sourceTree = SOURCE_ROOT;
		};
		FF9B6F6220C661A4000172B0 /* Utility */ = {
			isa = PBXGroup;
			children = (
				FF9B6F6720C661A4000172B0 /* NSBundle+CPExtension.h */,
				FF9B6F6320C661A4000172B0 /* NSBundle+CPExtension.m */,
				FF9B6F6920C661A4000172B0 /* UILabel+CPExtension.h */,
				FF9B6F6420C661A4000172B0 /* UILabel+CPExtension.m */,
				FF9B6F6520C661A4000172B0 /* UIView+CPExtension.h */,
				FF9B6F6820C661A4000172B0 /* UIView+CPExtension.m */,
				FF9B6F6620C661A4000172B0 /* NSString+CPExtension.h */,
				FF9B6F6A20C661A4000172B0 /* NSString+CPExtension.m */,
			);
			path = Utility;
			sourceTree = "<group>";
		};
/* End PBXGroup section */

/* Begin PBXNativeTarget section */
		FF74D77420C14E03001E94C8 /* CPTableViewExample */ = {
			isa = PBXNativeTarget;
			buildConfigurationList = FF74D78B20C14E04001E94C8 /* Build configuration list for PBXNativeTarget "CPTableViewExample" */;
			buildPhases = (
				FF74D77120C14E03001E94C8 /* Sources */,
				FF74D77220C14E03001E94C8 /* Frameworks */,
				FF74D77320C14E03001E94C8 /* Resources */,
			);
			buildRules = (
			);
			dependencies = (
			);
			name = CPTableViewExample;
			productName = CPTableViewExample;
			productReference = FF74D77520C14E03001E94C8 /* CPTableViewExample.app */;
			productType = "com.apple.product-type.application";
		};
/* End PBXNativeTarget section */

/* Begin PBXProject section */
		FF74D76D20C14E02001E94C8 /* Project object */ = {
			isa = PBXProject;
			attributes = {
				LastUpgradeCheck = 0930;
				ORGANIZATIONNAME = "陈鹏";
				TargetAttributes = {
					FF74D77420C14E03001E94C8 = {
						CreatedOnToolsVersion = 9.3;
					};
				};
			};
			buildConfigurationList = FF74D77020C14E02001E94C8 /* Build configuration list for PBXProject "CPTableViewExample" */;
			compatibilityVersion = "Xcode 9.3";
			developmentRegion = en;
			hasScannedForEncodings = 0;
			knownRegions = (
				en,
				Base,
			);
			mainGroup = FF74D76C20C14E02001E94C8;
			productRefGroup = FF74D77620C14E03001E94C8 /* Products */;
			projectDirPath = "";
			projectRoot = "";
			targets = (
				FF74D77420C14E03001E94C8 /* CPTableViewExample */,
			);
		};
/* End PBXProject section */

/* Begin PBXResourcesBuildPhase section */
		FF74D77320C14E03001E94C8 /* Resources */ = {
			isa = PBXResourcesBuildPhase;
			buildActionMask = 2147483647;
			files = (
				FF74D78520C14E04001E94C8 /* LaunchScreen.storyboard in Resources */,
				FF74D78220C14E04001E94C8 /* Assets.xcassets in Resources */,
				FF74D78020C14E03001E94C8 /* Main.storyboard in Resources */,
			);
			runOnlyForDeploymentPostprocessing = 0;
		};
/* End PBXResourcesBuildPhase section */

/* Begin PBXSourcesBuildPhase section */
		FF74D77120C14E03001E94C8 /* Sources */ = {
			isa = PBXSourcesBuildPhase;
			buildActionMask = 2147483647;
			files = (
				FF9B6F6D20C661A4000172B0 /* CPTableView.m in Sources */,
				FF9B6F7520C661A4000172B0 /* UIView+CPExtension.m in Sources */,
				FF9B6F6E20C661A4000172B0 /* CPTableViewFooterView.m in Sources */,
				FF74D77D20C14E03001E94C8 /* ViewController.m in Sources */,
				FF9B6F7320C661A4000172B0 /* NSBundle+CPExtension.m in Sources */,
				FF74D78820C14E04001E94C8 /* main.m in Sources */,
				FF9B6F7120C661A4000172B0 /* CPCellModel.m in Sources */,
				FF9B6F7020C661A4000172B0 /* CPGlobalConfig.m in Sources */,
				FF9B6F6C20C661A4000172B0 /* CPTableViewHeaderView.m in Sources */,
				FF9B6F7420C661A4000172B0 /* UILabel+CPExtension.m in Sources */,
				FF9B6F6B20C661A4000172B0 /* CPTableViewCell.m in Sources */,
				FF9B6F7220C661A4000172B0 /* CPSectionConfig.m in Sources */,
				FF9B6F6F20C661A4000172B0 /* CPSignleConfig.m in Sources */,
				FF74D77A20C14E03001E94C8 /* AppDelegate.m in Sources */,
				FF9B6F7620C661A4000172B0 /* NSString+CPExtension.m in Sources */,
			);
			runOnlyForDeploymentPostprocessing = 0;
		};
/* End PBXSourcesBuildPhase section */

/* Begin PBXVariantGroup section */
		FF74D77E20C14E03001E94C8 /* Main.storyboard */ = {
			isa = PBXVariantGroup;
			children = (
				FF74D77F20C14E03001E94C8 /* Base */,
			);
			name = Main.storyboard;
			sourceTree = "<group>";
		};
		FF74D78320C14E04001E94C8 /* LaunchScreen.storyboard */ = {
			isa = PBXVariantGroup;
			children = (
				FF74D78420C14E04001E94C8 /* Base */,
			);
			name = LaunchScreen.storyboard;
			sourceTree = "<group>";
		};
/* End PBXVariantGroup section */

/* Begin XCBuildConfiguration section */
		FF74D78920C14E04001E94C8 /* Debug */ = {
			isa = XCBuildConfiguration;
			buildSettings = {
				ALWAYS_SEARCH_USER_PATHS = NO;
				CLANG_ANALYZER_NONNULL = YES;
				CLANG_ANALYZER_NUMBER_OBJECT_CONVERSION = YES_AGGRESSIVE;
				CLANG_CXX_LANGUAGE_STANDARD = "gnu++14";
				CLANG_CXX_LIBRARY = "libc++";
				CLANG_ENABLE_MODULES = YES;
				CLANG_ENABLE_OBJC_ARC = YES;
				CLANG_ENABLE_OBJC_WEAK = YES;
				CLANG_WARN_BLOCK_CAPTURE_AUTORELEASING = YES;
				CLANG_WARN_BOOL_CONVERSION = YES;
				CLANG_WARN_COMMA = YES;
				CLANG_WARN_CONSTANT_CONVERSION = YES;
				CLANG_WARN_DEPRECATED_OBJC_IMPLEMENTATIONS = YES;
				CLANG_WARN_DIRECT_OBJC_ISA_USAGE = YES_ERROR;
				CLANG_WARN_DOCUMENTATION_COMMENTS = YES;
				CLANG_WARN_EMPTY_BODY = YES;
				CLANG_WARN_ENUM_CONVERSION = YES;
				CLANG_WARN_INFINITE_RECURSION = YES;
				CLANG_WARN_INT_CONVERSION = YES;
				CLANG_WARN_NON_LITERAL_NULL_CONVERSION = YES;
				CLANG_WARN_OBJC_IMPLICIT_RETAIN_SELF = YES;
				CLANG_WARN_OBJC_LITERAL_CONVERSION = YES;
				CLANG_WARN_OBJC_ROOT_CLASS = YES_ERROR;
				CLANG_WARN_RANGE_LOOP_ANALYSIS = YES;
				CLANG_WARN_STRICT_PROTOTYPES = YES;
				CLANG_WARN_SUSPICIOUS_MOVE = YES;
				CLANG_WARN_UNGUARDED_AVAILABILITY = YES_AGGRESSIVE;
				CLANG_WARN_UNREACHABLE_CODE = YES;
				CLANG_WARN__DUPLICATE_METHOD_MATCH = YES;
				CODE_SIGN_IDENTITY = "iPhone Developer";
				COPY_PHASE_STRIP = NO;
				DEBUG_INFORMATION_FORMAT = dwarf;
				ENABLE_STRICT_OBJC_MSGSEND = YES;
				ENABLE_TESTABILITY = YES;
				GCC_C_LANGUAGE_STANDARD = gnu11;
				GCC_DYNAMIC_NO_PIC = NO;
				GCC_NO_COMMON_BLOCKS = YES;
				GCC_OPTIMIZATION_LEVEL = 0;
				GCC_PREPROCESSOR_DEFINITIONS = (
					"DEBUG=1",
					"$(inherited)",
				);
				GCC_WARN_64_TO_32_BIT_CONVERSION = YES;
				GCC_WARN_ABOUT_RETURN_TYPE = YES_ERROR;
				GCC_WARN_UNDECLARED_SELECTOR = YES;
				GCC_WARN_UNINITIALIZED_AUTOS = YES_AGGRESSIVE;
				GCC_WARN_UNUSED_FUNCTION = YES;
				GCC_WARN_UNUSED_VARIABLE = YES;
				IPHONEOS_DEPLOYMENT_TARGET = 11.3;
				MTL_ENABLE_DEBUG_INFO = YES;
				ONLY_ACTIVE_ARCH = YES;
				SDKROOT = iphoneos;
			};
			name = Debug;
		};
		FF74D78A20C14E04001E94C8 /* Release */ = {
			isa = XCBuildConfiguration;
			buildSettings = {
				ALWAYS_SEARCH_USER_PATHS = NO;
				CLANG_ANALYZER_NONNULL = YES;
				CLANG_ANALYZER_NUMBER_OBJECT_CONVERSION = YES_AGGRESSIVE;
				CLANG_CXX_LANGUAGE_STANDARD = "gnu++14";
				CLANG_CXX_LIBRARY = "libc++";
				CLANG_ENABLE_MODULES = YES;
				CLANG_ENABLE_OBJC_ARC = YES;
				CLANG_ENABLE_OBJC_WEAK = YES;
				CLANG_WARN_BLOCK_CAPTURE_AUTORELEASING = YES;
				CLANG_WARN_BOOL_CONVERSION = YES;
				CLANG_WARN_COMMA = YES;
				CLANG_WARN_CONSTANT_CONVERSION = YES;
				CLANG_WARN_DEPRECATED_OBJC_IMPLEMENTATIONS = YES;
				CLANG_WARN_DIRECT_OBJC_ISA_USAGE = YES_ERROR;
				CLANG_WARN_DOCUMENTATION_COMMENTS = YES;
				CLANG_WARN_EMPTY_BODY = YES;
				CLANG_WARN_ENUM_CONVERSION = YES;
				CLANG_WARN_INFINITE_RECURSION = YES;
				CLANG_WARN_INT_CONVERSION = YES;
				CLANG_WARN_NON_LITERAL_NULL_CONVERSION = YES;
				CLANG_WARN_OBJC_IMPLICIT_RETAIN_SELF = YES;
				CLANG_WARN_OBJC_LITERAL_CONVERSION = YES;
				CLANG_WARN_OBJC_ROOT_CLASS = YES_ERROR;
				CLANG_WARN_RANGE_LOOP_ANALYSIS = YES;
				CLANG_WARN_STRICT_PROTOTYPES = YES;
				CLANG_WARN_SUSPICIOUS_MOVE = YES;
				CLANG_WARN_UNGUARDED_AVAILABILITY = YES_AGGRESSIVE;
				CLANG_WARN_UNREACHABLE_CODE = YES;
				CLANG_WARN__DUPLICATE_METHOD_MATCH = YES;
				CODE_SIGN_IDENTITY = "iPhone Developer";
				COPY_PHASE_STRIP = NO;
				DEBUG_INFORMATION_FORMAT = "dwarf-with-dsym";
				ENABLE_NS_ASSERTIONS = NO;
				ENABLE_STRICT_OBJC_MSGSEND = YES;
				GCC_C_LANGUAGE_STANDARD = gnu11;
				GCC_NO_COMMON_BLOCKS = YES;
				GCC_WARN_64_TO_32_BIT_CONVERSION = YES;
				GCC_WARN_ABOUT_RETURN_TYPE = YES_ERROR;
				GCC_WARN_UNDECLARED_SELECTOR = YES;
				GCC_WARN_UNINITIALIZED_AUTOS = YES_AGGRESSIVE;
				GCC_WARN_UNUSED_FUNCTION = YES;
				GCC_WARN_UNUSED_VARIABLE = YES;
				IPHONEOS_DEPLOYMENT_TARGET = 11.3;
				MTL_ENABLE_DEBUG_INFO = NO;
				SDKROOT = iphoneos;
				VALIDATE_PRODUCT = YES;
			};
			name = Release;
		};
		FF74D78C20C14E04001E94C8 /* Debug */ = {
			isa = XCBuildConfiguration;
			buildSettings = {
				ASSETCATALOG_COMPILER_APPICON_NAME = AppIcon;
				CODE_SIGN_STYLE = Automatic;
				INFOPLIST_FILE = CPTableViewExample/Info.plist;
				LD_RUNPATH_SEARCH_PATHS = (
					"$(inherited)",
					"@executable_path/Frameworks",
				);
				PRODUCT_BUNDLE_IDENTIFIER = com.CPTableViewExample;
				PRODUCT_NAME = "$(TARGET_NAME)";
				TARGETED_DEVICE_FAMILY = "1,2";
			};
			name = Debug;
		};
		FF74D78D20C14E04001E94C8 /* Release */ = {
			isa = XCBuildConfiguration;
			buildSettings = {
				ASSETCATALOG_COMPILER_APPICON_NAME = AppIcon;
				CODE_SIGN_STYLE = Automatic;
				INFOPLIST_FILE = CPTableViewExample/Info.plist;
				LD_RUNPATH_SEARCH_PATHS = (
					"$(inherited)",
					"@executable_path/Frameworks",
				);
				PRODUCT_BUNDLE_IDENTIFIER = com.CPTableViewExample;
				PRODUCT_NAME = "$(TARGET_NAME)";
				TARGETED_DEVICE_FAMILY = "1,2";
			};
			name = Release;
		};
/* End XCBuildConfiguration section */

/* Begin XCConfigurationList section */
		FF74D77020C14E02001E94C8 /* Build configuration list for PBXProject "CPTableViewExample" */ = {
			isa = XCConfigurationList;
			buildConfigurations = (
				FF74D78920C14E04001E94C8 /* Debug */,
				FF74D78A20C14E04001E94C8 /* Release */,
			);
			defaultConfigurationIsVisible = 0;
			defaultConfigurationName = Release;
		};
		FF74D78B20C14E04001E94C8 /* Build configuration list for PBXNativeTarget "CPTableViewExample" */ = {
			isa = XCConfigurationList;
			buildConfigurations = (
				FF74D78C20C14E04001E94C8 /* Debug */,
				FF74D78D20C14E04001E94C8 /* Release */,
			);
			defaultConfigurationIsVisible = 0;
			defaultConfigurationName = Release;
		};
/* End XCConfigurationList section */
	};
	rootObject = FF74D76D20C14E02001E94C8 /* Project object */;
}
